
Microsoft Visual Studio Solution File, Format Version 12.00
# Visual Studio Version 17
VisualStudioVersion = 17.8.34511.84
MinimumVisualStudioVersion = 10.0.40219.1
Project("{2150E333-8FDC-42A3-9474-1A3956D46DE8}") = "Solution Items", "Solution Items", "{14517B62-DED6-4608-88BC-06964A2E7F4C}"
	ProjectSection(SolutionItems) = preProject
		..\.editorconfig = ..\.editorconfig
		..\readme.md = ..\readme.md
		..\.github\workflows\theBuild.yml = ..\.github\workflows\theBuild.yml
		..\VersionHistory.md = ..\VersionHistory.md
	EndProjectSection
EndProject
Project("{9A19103F-16F7-4668-BE54-9A1E7A4F7556}") = "WilderMinds.MetaWeblog", "WilderMinds.MetaWeblog\WilderMinds.MetaWeblog.csproj", "{E41F72F8-A593-4850-8280-D151FE7B8743}"
EndProject
Project("{9A19103F-16F7-4668-BE54-9A1E7A4F7556}") = "WilderMinds.MetaWeblog.Tests", "WilderMinds.MetaWeblog.Tests\WilderMinds.MetaWeblog.Tests.csproj", "{E7539BE6-B18F-47E7-9AD7-2D87924E0EAB}"
EndProject
Global
	GlobalSection(SolutionConfigurationPlatforms) = preSolution
		Debug|Any CPU = Debug|Any CPU
		Release|Any CPU = Release|Any CPU
	EndGlobalSection
	GlobalSection(ProjectConfigurationPlatforms) = postSolution
		{E41F72F8-A593-4850-8280-D151FE7B8743}.Debug|Any CPU.ActiveCfg = Debug|Any CPU
		{E41F72F8-A593-4850-8280-D151FE7B8743}.Debug|Any CPU.Build.0 = Debug|Any CPU
		{E41F72F8-A593-4850-8280-D151FE7B8743}.Release|Any CPU.ActiveCfg = Release|Any CPU
		{E41F72F8-A593-4850-8280-D151FE7B8743}.Release|Any CPU.Build.0 = Release|Any CPU
		{E7539BE6-B18F-47E7-9AD7-2D87924E0EAB}.Debug|Any CPU.ActiveCfg = Debug|Any CPU
		{E7539BE6-B18F-47E7-9AD7-2D87924E0EAB}.Debug|Any CPU.Build.0 = Debug|Any CPU
		{E7539BE6-B18F-47E7-9AD7-2D87924E0EAB}.Release|Any CPU.ActiveCfg = Release|Any CPU
		{E7539BE6-B18F-47E7-9AD7-2D87924E0EAB}.Release|Any CPU.Build.0 = Release|Any CPU
	EndGlobalSection
	GlobalSection(SolutionProperties) = preSolution
		HideSolutionNode = FALSE
	EndGlobalSection
	GlobalSection(ExtensibilityGlobals) = postSolution
		SolutionGuid = {2F7ED408-BD5A-4FE5-8BCB-6E924604C9EA}
	EndGlobalSection
EndGlobal
